// !$*UTF8*$!
{
	archiveVersion = 1;
	classes = {
	};
	objectVersion = 77;
	objects = {

/* Begin PBXBuildFile section */
		5E3719D12DA432D0006AB31D /* Models.swift in Sources */ = {isa = PBXBuildFile; fileRef = 5E3719D02DA432D0006AB31D /* Models.swift */; };
		5E3719D22DA432D0006AB31D /* SwipingViewController.swift in Sources */ = {isa = PBXBuildFile; fileRef = 5E3719CE2DA432D0006AB31D /* SwipingViewController.swift */; };
		5E3719D32DA432D0006AB31D /* CardView.swift in Sources */ = {isa = PBXBuildFile; fileRef = 5E3719CF2DA432D0006AB31D /* CardView.swift */; };
		5E3719D72DA4332B006AB31D /* Assets.xcassets in Resources */ = {isa = PBXBuildFile; fileRef = 5E3719D62DA4332B006AB31D /* Assets.xcassets */; };
		5EA5530E2DA42A8C00B5AA56 /* LaunchScreen.storyboard in Resources */ = {isa = PBXBuildFile; fileRef = 5EA553052DA42A8C00B5AA56 /* LaunchScreen.storyboard */; };
		5EA5530F2DA42A8C00B5AA56 /* Main.storyboard in Resources */ = {isa = PBXBuildFile; fileRef = 5EA553072DA42A8C00B5AA56 /* Main.storyboard */; };
		5EA553112DA42A8C00B5AA56 /* AppDelegate.swift in Sources */ = {isa = PBXBuildFile; fileRef = 5EA552F82DA42A8C00B5AA56 /* AppDelegate.swift */; };
		5EA553132DA42A8C00B5AA56 /* SceneDelegate.swift in Sources */ = {isa = PBXBuildFile; fileRef = 5EA552FA2DA42A8C00B5AA56 /* SceneDelegate.swift */; };
		5EA553152DA42A8C00B5AA56 /* Extensions.swift in Sources */ = {isa = PBXBuildFile; fileRef = 5EA552FE2DA42A8C00B5AA56 /* Extensions.swift */; };
		5EA553192DA42C2900B5AA56 /* CustomCell.swift in Sources */ = {isa = PBXBuildFile; fileRef = 5EA553172DA42C2900B5AA56 /* CustomCell.swift */; };
		5EA5531A2DA42C2900B5AA56 /* ReorderableCollectionView.swift in Sources */ = {isa = PBXBuildFile; fileRef = 5EA553182DA42C2900B5AA56 /* ReorderableCollectionView.swift */; };
/* End PBXBuildFile section */

/* Begin PBXFileReference section */
		5E3719CE2DA432D0006AB31D /* SwipingViewController.swift */ = {isa = PBXFileReference; lastKnownFileType = sourcecode.swift; path = SwipingViewController.swift; sourceTree = "<group>"; };
		5E3719CF2DA432D0006AB31D /* CardView.swift */ = {isa = PBXFileReference; lastKnownFileType = sourcecode.swift; path = CardView.swift; sourceTree = "<group>"; };
		5E3719D02DA432D0006AB31D /* Models.swift */ = {isa = PBXFileReference; lastKnownFileType = sourcecode.swift; path = Models.swift; sourceTree = "<group>"; };
		5E3719D62DA4332B006AB31D /* Assets.xcassets */ = {isa = PBXFileReference; lastKnownFileType = folder.assetcatalog; path = Assets.xcassets; sourceTree = "<group>"; };
		5E44396F2DA164890017CDBC /* DraggableCollectionView.app */ = {isa = PBXFileReference; explicitFileType = wrapper.application; includeInIndex = 0; path = DraggableCollectionView.app; sourceTree = BUILT_PRODUCTS_DIR; };
		5EA552F82DA42A8C00B5AA56 /* AppDelegate.swift */ = {isa = PBXFileReference; lastKnownFileType = sourcecode.swift; path = AppDelegate.swift; sourceTree = "<group>"; };
		5EA552FA2DA42A8C00B5AA56 /* SceneDelegate.swift */ = {isa = PBXFileReference; lastKnownFileType = sourcecode.swift; path = SceneDelegate.swift; sourceTree = "<group>"; };
		5EA552FE2DA42A8C00B5AA56 /* Extensions.swift */ = {isa = PBXFileReference; lastKnownFileType = sourcecode.swift; path = Extensions.swift; sourceTree = "<group>"; };
		5EA553042DA42A8C00B5AA56 /* Base */ = {isa = PBXFileReference; lastKnownFileType = file.storyboard; name = Base; path = Base.lproj/LaunchScreen.storyboard; sourceTree = "<group>"; };
		5EA553062DA42A8C00B5AA56 /* Base */ = {isa = PBXFileReference; lastKnownFileType = file.storyboard; name = Base; path = Base.lproj/Main.storyboard; sourceTree = "<group>"; };
		5EA553092DA42A8C00B5AA56 /* Info.plist */ = {isa = PBXFileReference; lastKnownFileType = text.plist.xml; path = Info.plist; sourceTree = "<group>"; };
		5EA553172DA42C2900B5AA56 /* CustomCell.swift */ = {isa = PBXFileReference; lastKnownFileType = sourcecode.swift; path = CustomCell.swift; sourceTree = "<group>"; };
		5EA553182DA42C2900B5AA56 /* ReorderableCollectionView.swift */ = {isa = PBXFileReference; lastKnownFileType = sourcecode.swift; path = ReorderableCollectionView.swift; sourceTree = "<group>"; };
/* End PBXFileReference section */

/* Begin PBXFileSystemSynchronizedRootGroup section */
		5EA553162DA42C1500B5AA56 /* json */ = {
			isa = PBXFileSystemSynchronizedRootGroup;
			path = json;
			sourceTree = "<group>";
		};
/* End PBXFileSystemSynchronizedRootGroup section */

/* Begin PBXFrameworksBuildPhase section */
		5E44396C2DA164890017CDBC /* Frameworks */ = {
			isa = PBXFrameworksBuildPhase;
			buildActionMask = 2147483647;
			files = (
			);
			runOnlyForDeploymentPostprocessing = 0;
		};
/* End PBXFrameworksBuildPhase section */

/* Begin PBXGroup section */
		5E4439662DA164890017CDBC = {
			isa = PBXGroup;
			children = (
				5EA5530A2DA42A8C00B5AA56 /* DraggableCollectionView */,
				5E4439702DA164890017CDBC /* Products */,
			);
			sourceTree = "<group>";
		};
		5E4439702DA164890017CDBC /* Products */ = {
			isa = PBXGroup;
			children = (
				5E44396F2DA164890017CDBC /* DraggableCollectionView.app */,
			);
			name = Products;
			sourceTree = "<group>";
		};
		5EA552FB2DA42A8C00B5AA56 /* AppDelegate */ = {
			isa = PBXGroup;
			children = (
				5EA552F82DA42A8C00B5AA56 /* AppDelegate.swift */,
				5EA552FA2DA42A8C00B5AA56 /* SceneDelegate.swift */,
			);
			path = AppDelegate;
			sourceTree = "<group>";
		};
		5EA552FD2DA42A8C00B5AA56 /* Controllers */ = {
			isa = PBXGroup;
			children = (
				5E3719CE2DA432D0006AB31D /* SwipingViewController.swift */,
				5E3719CF2DA432D0006AB31D /* CardView.swift */,
				5E3719D02DA432D0006AB31D /* Models.swift */,
				5EA553172DA42C2900B5AA56 /* CustomCell.swift */,
				5EA553182DA42C2900B5AA56 /* ReorderableCollectionView.swift */,
			);
			path = Controllers;
			sourceTree = "<group>";
		};
		5EA552FF2DA42A8C00B5AA56 /* Extensions */ = {
			isa = PBXGroup;
			children = (
				5EA552FE2DA42A8C00B5AA56 /* Extensions.swift */,
			);
			path = Extensions;
			sourceTree = "<group>";
		};
		5EA553032DA42A8C00B5AA56 /* Resources */ = {
			isa = PBXGroup;
			children = (
				5EA553162DA42C1500B5AA56 /* json */,
			);
			path = Resources;
			sourceTree = "<group>";
		};
		5EA553082DA42A8C00B5AA56 /* Storyboards */ = {
			isa = PBXGroup;
			children = (
				5E3719D62DA4332B006AB31D /* Assets.xcassets */,
				5EA553052DA42A8C00B5AA56 /* LaunchScreen.storyboard */,
				5EA553072DA42A8C00B5AA56 /* Main.storyboard */,
			);
			path = Storyboards;
			sourceTree = "<group>";
		};
		5EA5530A2DA42A8C00B5AA56 /* DraggableCollectionView */ = {
			isa = PBXGroup;
			children = (
				5EA552FB2DA42A8C00B5AA56 /* AppDelegate */,
				5EA552FD2DA42A8C00B5AA56 /* Controllers */,
				5EA552FF2DA42A8C00B5AA56 /* Extensions */,
				5EA553032DA42A8C00B5AA56 /* Resources */,
				5EA553082DA42A8C00B5AA56 /* Storyboards */,
				5EA553092DA42A8C00B5AA56 /* Info.plist */,
			);
			path = DraggableCollectionView;
			sourceTree = "<group>";
		};
/* End PBXGroup section */

/* Begin PBXNativeTarget section */
		5E44396E2DA164890017CDBC /* DraggableCollectionView */ = {
			isa = PBXNativeTarget;
			buildConfigurationList = 5E4439822DA1648A0017CDBC /* Build configuration list for PBXNativeTarget "DraggableCollectionView" */;
			buildPhases = (
				5E44396B2DA164890017CDBC /* Sources */,
				5E44396C2DA164890017CDBC /* Frameworks */,
				5E44396D2DA164890017CDBC /* Resources */,
			);
			buildRules = (
			);
			dependencies = (
			);
			fileSystemSynchronizedGroups = (
				5EA553162DA42C1500B5AA56 /* json */,
			);
			name = DraggableCollectionView;
			packageProductDependencies = (
			);
			productName = DraggableCollectionView;
			productReference = 5E44396F2DA164890017CDBC /* DraggableCollectionView.app */;
			productType = "com.apple.product-type.application";
		};
/* End PBXNativeTarget section */

/* Begin PBXProject section */
		5E4439672DA164890017CDBC /* Project object */ = {
			isa = PBXProject;
			attributes = {
				BuildIndependentTargetsInParallel = 1;
				LastSwiftUpdateCheck = 1630;
				LastUpgradeCheck = 1630;
				TargetAttributes = {
					5E44396E2DA164890017CDBC = {
						CreatedOnToolsVersion = 16.3;
					};
				};
			};
			buildConfigurationList = 5E44396A2DA164890017CDBC /* Build configuration list for PBXProject "DraggableCollectionView" */;
			developmentRegion = en;
			hasScannedForEncodings = 0;
			knownRegions = (
				en,
				Base,
			);
			mainGroup = 5E4439662DA164890017CDBC;
			minimizedProjectReferenceProxies = 1;
			preferredProjectObjectVersion = 77;
			productRefGroup = 5E4439702DA164890017CDBC /* Products */;
			projectDirPath = "";
			projectRoot = "";
			targets = (
				5E44396E2DA164890017CDBC /* DraggableCollectionView */,
			);
		};
/* End PBXProject section */

/* Begin PBXResourcesBuildPhase section */
		5E44396D2DA164890017CDBC /* Resources */ = {
			isa = PBXResourcesBuildPhase;
			buildActionMask = 2147483647;
			files = (
				5EA5530E2DA42A8C00B5AA56 /* LaunchScreen.storyboard in Resources */,
				5EA5530F2DA42A8C00B5AA56 /* Main.storyboard in Resources */,
				5E3719D72DA4332B006AB31D /* Assets.xcassets in Resources */,
			);
			runOnlyForDeploymentPostprocessing = 0;
		};
/* End PBXResourcesBuildPhase section */

/* Begin PBXSourcesBuildPhase section */
		5E44396B2DA164890017CDBC /* Sources */ = {
			isa = PBXSourcesBuildPhase;
			buildActionMask = 2147483647;
			files = (
				5EA553112DA42A8C00B5AA56 /* AppDelegate.swift in Sources */,
				5E3719D12DA432D0006AB31D /* Models.swift in Sources */,
				5E3719D22DA432D0006AB31D /* SwipingViewController.swift in Sources */,
				5E3719D32DA432D0006AB31D /* CardView.swift in Sources */,
				5EA553132DA42A8C00B5AA56 /* SceneDelegate.swift in Sources */,
				5EA553192DA42C2900B5AA56 /* CustomCell.swift in Sources */,
				5EA5531A2DA42C2900B5AA56 /* ReorderableCollectionView.swift in Sources */,
				5EA553152DA42A8C00B5AA56 /* Extensions.swift in Sources */,
			);
			runOnlyForDeploymentPostprocessing = 0;
		};
/* End PBXSourcesBuildPhase section */

/* Begin PBXVariantGroup section */
		5EA553052DA42A8C00B5AA56 /* LaunchScreen.storyboard */ = {
			isa = PBXVariantGroup;
			children = (
				5EA553042DA42A8C00B5AA56 /* Base */,
			);
			name = LaunchScreen.storyboard;
			sourceTree = "<group>";
		};
		5EA553072DA42A8C00B5AA56 /* Main.storyboard */ = {
			isa = PBXVariantGroup;
			children = (
				5EA553062DA42A8C00B5AA56 /* Base */,
			);
			name = Main.storyboard;
			sourceTree = "<group>";
		};
/* End PBXVariantGroup section */

/* Begin XCBuildConfiguration section */
		5E4439832DA1648A0017CDBC /* Debug */ = {
			isa = XCBuildConfiguration;
			buildSettings = {
				ASSETCATALOG_COMPILER_APPICON_NAME = AppIcon;
				ASSETCATALOG_COMPILER_GLOBAL_ACCENT_COLOR_NAME = AccentColor;
				CODE_SIGN_STYLE = Automatic;
				CURRENT_PROJECT_VERSION = 1;
				GENERATE_INFOPLIST_FILE = YES;
				INFOPLIST_FILE = DraggableCollectionView/Info.plist;
				INFOPLIST_KEY_UIApplicationSupportsIndirectInputEvents = YES;
				INFOPLIST_KEY_UILaunchStoryboardName = LaunchScreen;
				INFOPLIST_KEY_UIMainStoryboardFile = Main;
				INFOPLIST_KEY_UISupportedInterfaceOrientations_iPad = "UIInterfaceOrientationPortrait UIInterfaceOrientationPortraitUpsideDown UIInterfaceOrientationLandscapeLeft UIInterfaceOrientationLandscapeRight";
				INFOPLIST_KEY_UISupportedInterfaceOrientations_iPhone = "UIInterfaceOrientationPortrait UIInterfaceOrientationLandscapeLeft UIInterfaceOrientationLandscapeRight";
				IPHONEOS_DEPLOYMENT_TARGET = 18.0;
				LD_RUNPATH_SEARCH_PATHS = (
					"$(inherited)",
					"@executable_path/Frameworks",
				);
				MARKETING_VERSION = 1.0;
				PRODUCT_BUNDLE_IDENTIFIER = com.touchopia.DraggableCollectionView;
				PRODUCT_NAME = "$(TARGET_NAME)";
				SWIFT_EMIT_LOC_STRINGS = YES;
				SWIFT_VERSION = 5.0;
				TARGETED_DEVICE_FAMILY = "1,2";
			};
			name = Debug;
		};
		5E4439842DA1648A0017CDBC /* Release */ = {
			isa = XCBuildConfiguration;
			buildSettings = {
				ASSETCATALOG_COMPILER_APPICON_NAME = AppIcon;
				ASSETCATALOG_COMPILER_GLOBAL_ACCENT_COLOR_NAME = AccentColor;
				CODE_SIGN_STYLE = Automatic;
				CURRENT_PROJECT_VERSION = 1;
				GENERATE_INFOPLIST_FILE = YES;
				INFOPLIST_FILE = DraggableCollectionView/Info.plist;
				INFOPLIST_KEY_UIApplicationSupportsIndirectInputEvents = YES;
				INFOPLIST_KEY_UILaunchStoryboardName = LaunchScreen;
				INFOPLIST_KEY_UIMainStoryboardFile = Main;
				INFOPLIST_KEY_UISupportedInterfaceOrientations_iPad = "UIInterfaceOrientationPortrait UIInterfaceOrientationPortraitUpsideDown UIInterfaceOrientationLandscapeLeft UIInterfaceOrientationLandscapeRight";
				INFOPLIST_KEY_UISupportedInterfaceOrientations_iPhone = "UIInterfaceOrientationPortrait UIInterfaceOrientationLandscapeLeft UIInterfaceOrientationLandscapeRight";
				IPHONEOS_DEPLOYMENT_TARGET = 18.0;
				LD_RUNPATH_SEARCH_PATHS = (
					"$(inherited)",
					"@executable_path/Frameworks",
				);
				MARKETING_VERSION = 1.0;
				PRODUCT_BUNDLE_IDENTIFIER = com.touchopia.DraggableCollectionView;
				PRODUCT_NAME = "$(TARGET_NAME)";
				SWIFT_EMIT_LOC_STRINGS = YES;
				SWIFT_VERSION = 5.0;
				TARGETED_DEVICE_FAMILY = "1,2";
			};
			name = Release;
		};
		5E4439852DA1648A0017CDBC /* Debug */ = {
			isa = XCBuildConfiguration;
			buildSettings = {
				ALWAYS_SEARCH_USER_PATHS = NO;
				ASSETCATALOG_COMPILER_GENERATE_SWIFT_ASSET_SYMBOL_EXTENSIONS = YES;
				CLANG_ANALYZER_NONNULL = YES;
				CLANG_ANALYZER_NUMBER_OBJECT_CONVERSION = YES_AGGRESSIVE;
				CLANG_CXX_LANGUAGE_STANDARD = "gnu++20";
				CLANG_ENABLE_MODULES = YES;
				CLANG_ENABLE_OBJC_ARC = YES;
				CLANG_ENABLE_OBJC_WEAK = YES;
				CLANG_WARN_BLOCK_CAPTURE_AUTORELEASING = YES;
				CLANG_WARN_BOOL_CONVERSION = YES;
				CLANG_WARN_COMMA = YES;
				CLANG_WARN_CONSTANT_CONVERSION = YES;
				CLANG_WARN_DEPRECATED_OBJC_IMPLEMENTATIONS = YES;
				CLANG_WARN_DIRECT_OBJC_ISA_USAGE = YES_ERROR;
				CLANG_WARN_DOCUMENTATION_COMMENTS = YES;
				CLANG_WARN_EMPTY_BODY = YES;
				CLANG_WARN_ENUM_CONVERSION = YES;
				CLANG_WARN_INFINITE_RECURSION = YES;
				CLANG_WARN_INT_CONVERSION = YES;
				CLANG_WARN_NON_LITERAL_NULL_CONVERSION = YES;
				CLANG_WARN_OBJC_IMPLICIT_RETAIN_SELF = YES;
				CLANG_WARN_OBJC_LITERAL_CONVERSION = YES;
				CLANG_WARN_OBJC_ROOT_CLASS = YES_ERROR;
				CLANG_WARN_QUOTED_INCLUDE_IN_FRAMEWORK_HEADER = YES;
				CLANG_WARN_RANGE_LOOP_ANALYSIS = YES;
				CLANG_WARN_STRICT_PROTOTYPES = YES;
				CLANG_WARN_SUSPICIOUS_MOVE = YES;
				CLANG_WARN_UNGUARDED_AVAILABILITY = YES_AGGRESSIVE;
				CLANG_WARN_UNREACHABLE_CODE = YES;
				CLANG_WARN__DUPLICATE_METHOD_MATCH = YES;
				COPY_PHASE_STRIP = NO;
				DEBUG_INFORMATION_FORMAT = dwarf;
				DEVELOPMENT_TEAM = 86Z976V88Y;
				ENABLE_STRICT_OBJC_MSGSEND = YES;
				ENABLE_TESTABILITY = YES;
				ENABLE_USER_SCRIPT_SANDBOXING = YES;
				GCC_C_LANGUAGE_STANDARD = gnu17;
				GCC_DYNAMIC_NO_PIC = NO;
				GCC_NO_COMMON_BLOCKS = YES;
				GCC_OPTIMIZATION_LEVEL = 0;
				GCC_PREPROCESSOR_DEFINITIONS = (
					"DEBUG=1",
					"$(inherited)",
				);
				GCC_WARN_64_TO_32_BIT_CONVERSION = YES;
				GCC_WARN_ABOUT_RETURN_TYPE = YES_ERROR;
				GCC_WARN_UNDECLARED_SELECTOR = YES;
				GCC_WARN_UNINITIALIZED_AUTOS = YES_AGGRESSIVE;
				GCC_WARN_UNUSED_FUNCTION = YES;
				GCC_WARN_UNUSED_VARIABLE = YES;
				IPHONEOS_DEPLOYMENT_TARGET = 18.4;
				LOCALIZATION_PREFERS_STRING_CATALOGS = YES;
				MTL_ENABLE_DEBUG_INFO = INCLUDE_SOURCE;
				MTL_FAST_MATH = YES;
				ONLY_ACTIVE_ARCH = YES;
				SDKROOT = iphoneos;
				SWIFT_ACTIVE_COMPILATION_CONDITIONS = "DEBUG $(inherited)";
				SWIFT_OPTIMIZATION_LEVEL = "-Onone";
			};
			name = Debug;
		};
		5E4439862DA1648A0017CDBC /* Release */ = {
			isa = XCBuildConfiguration;
			buildSettings = {
				ALWAYS_SEARCH_USER_PATHS = NO;
				ASSETCATALOG_COMPILER_GENERATE_SWIFT_ASSET_SYMBOL_EXTENSIONS = YES;
				CLANG_ANALYZER_NONNULL = YES;
				CLANG_ANALYZER_NUMBER_OBJECT_CONVERSION = YES_AGGRESSIVE;
				CLANG_CXX_LANGUAGE_STANDARD = "gnu++20";
				CLANG_ENABLE_MODULES = YES;
				CLANG_ENABLE_OBJC_ARC = YES;
				CLANG_ENABLE_OBJC_WEAK = YES;
				CLANG_WARN_BLOCK_CAPTURE_AUTORELEASING = YES;
				CLANG_WARN_BOOL_CONVERSION = YES;
				CLANG_WARN_COMMA = YES;
				CLANG_WARN_CONSTANT_CONVERSION = YES;
				CLANG_WARN_DEPRECATED_OBJC_IMPLEMENTATIONS = YES;
				CLANG_WARN_DIRECT_OBJC_ISA_USAGE = YES_ERROR;
				CLANG_WARN_DOCUMENTATION_COMMENTS = YES;
				CLANG_WARN_EMPTY_BODY = YES;
				CLANG_WARN_ENUM_CONVERSION = YES;
				CLANG_WARN_INFINITE_RECURSION = YES;
				CLANG_WARN_INT_CONVERSION = YES;
				CLANG_WARN_NON_LITERAL_NULL_CONVERSION = YES;
				CLANG_WARN_OBJC_IMPLICIT_RETAIN_SELF = YES;
				CLANG_WARN_OBJC_LITERAL_CONVERSION = YES;
				CLANG_WARN_OBJC_ROOT_CLASS = YES_ERROR;
				CLANG_WARN_QUOTED_INCLUDE_IN_FRAMEWORK_HEADER = YES;
				CLANG_WARN_RANGE_LOOP_ANALYSIS = YES;
				CLANG_WARN_STRICT_PROTOTYPES = YES;
				CLANG_WARN_SUSPICIOUS_MOVE = YES;
				CLANG_WARN_UNGUARDED_AVAILABILITY = YES_AGGRESSIVE;
				CLANG_WARN_UNREACHABLE_CODE = YES;
				CLANG_WARN__DUPLICATE_METHOD_MATCH = YES;
				COPY_PHASE_STRIP = NO;
				DEBUG_INFORMATION_FORMAT = "dwarf-with-dsym";
				DEVELOPMENT_TEAM = 86Z976V88Y;
				ENABLE_NS_ASSERTIONS = NO;
				ENABLE_STRICT_OBJC_MSGSEND = YES;
				ENABLE_USER_SCRIPT_SANDBOXING = YES;
				GCC_C_LANGUAGE_STANDARD = gnu17;
				GCC_NO_COMMON_BLOCKS = YES;
				GCC_WARN_64_TO_32_BIT_CONVERSION = YES;
				GCC_WARN_ABOUT_RETURN_TYPE = YES_ERROR;
				GCC_WARN_UNDECLARED_SELECTOR = YES;
				GCC_WARN_UNINITIALIZED_AUTOS = YES_AGGRESSIVE;
				GCC_WARN_UNUSED_FUNCTION = YES;
				GCC_WARN_UNUSED_VARIABLE = YES;
				IPHONEOS_DEPLOYMENT_TARGET = 18.4;
				LOCALIZATION_PREFERS_STRING_CATALOGS = YES;
				MTL_ENABLE_DEBUG_INFO = NO;
				MTL_FAST_MATH = YES;
				SDKROOT = iphoneos;
				SWIFT_COMPILATION_MODE = wholemodule;
				VALIDATE_PRODUCT = YES;
			};
			name = Release;
		};
/* End XCBuildConfiguration section */

/* Begin XCConfigurationList section */
		5E44396A2DA164890017CDBC /* Build configuration list for PBXProject "DraggableCollectionView" */ = {
			isa = XCConfigurationList;
			buildConfigurations = (
				5E4439852DA1648A0017CDBC /* Debug */,
				5E4439862DA1648A0017CDBC /* Release */,
			);
			defaultConfigurationIsVisible = 0;
			defaultConfigurationName = Release;
		};
		5E4439822DA1648A0017CDBC /* Build configuration list for PBXNativeTarget "DraggableCollectionView" */ = {
			isa = XCConfigurationList;
			buildConfigurations = (
				5E4439832DA1648A0017CDBC /* Debug */,
				5E4439842DA1648A0017CDBC /* Release */,
			);
			defaultConfigurationIsVisible = 0;
			defaultConfigurationName = Release;
		};
/* End XCConfigurationList section */
	};
	rootObject = 5E4439672DA164890017CDBC /* Project object */;
}
